schema: '2.0'
stages:
  train:
    cmd: echo 5 | python main.py
    deps:
    - path: data/processed
      hash: md5
      md5: 705dfb30fb8602dbfe0131ca0178d7eb.dir
      size: 54032825
      nfiles: 4
    outs:
    - path: model
      hash: md5
      md5: 7e1681eac9dabb86b019ac4b14f5ac41.dir
      size: 380251555
      nfiles: 3
  prepare_data:
    cmd: echo 3 | python main.py
    deps:
    - path: data/raw
      hash: md5
      md5: b3d117429d3df13355740eac38a4510b.dir
      size: 20730589
      nfiles: 7
    outs:
    - path: data/processed
      hash: md5
      md5: a7189775614953b6941347f4af4476fa.dir
      size: 54031949
      nfiles: 3
