schema: '2.0'
stages:
  train:
    cmd: python src/model/train_model.py
    deps:
    - path: src/data/raw
      hash: md5
      md5: 3d9cc43759ea061bf6722743f6045d68.dir
      size: 20466579
      nfiles: 7
    - path: src/model/train_model.py
      hash: md5
      md5: 0cafd20cae22084eae4e1a2093d7630c
      size: 10891
    outs:
    - path: exports
      hash: md5
      md5: ae0c71e1cf509a52cead9a9778aaa792.dir
      size: 81969701
      nfiles: 4
    - path: metrics/model_stats.csv
      hash: md5
      md5: ae7c32456a69c6ada191cbddc04bae39
      size: 595
    - path: models
      hash: md5
      md5: 8d6805107d145805818e84521f1f2737.dir
      size: 344024003
      nfiles: 3
