schema: '2.0'
stages:
  train:
    cmd: echo 5 | python main.py
    deps:
    - path: data/processed
      hash: md5
      md5: 8dfd956593fdae4e9715eb8e60d9f3c9.dir
      size: 54045184
      nfiles: 4
    outs:
    - path: model
      hash: md5
      md5: 0ff5d3c47550566bc121390f6df1323b.dir
      size: 380447539
      nfiles: 3
  prepare_data:
    cmd: echo 3 | python main.py
    outs:
    - path: data/processed
      hash: md5
      md5: 8dfd956593fdae4e9715eb8e60d9f3c9.dir
      size: 54045184
      nfiles: 4
